
Microsoft Visual Studio Solution File, Format Version 12.00
# Visual Studio Version 17
VisualStudioVersion = 17.10.35122.118
MinimumVisualStudioVersion = 10.0.40219.1
Project("{FAE04EC0-301F-11D3-BF4B-00C04F79EFBC}") = "CMPresence", "CMPresence.csproj", "{381555D9-11E1-4263-9F56-DD75FABD1571}"
EndProject
Global
	GlobalSection(SolutionConfigurationPlatforms) = preSolution
		Debug|Any CPU = Debug|Any CPU
		Release|Any CPU = Release|Any CPU
	EndGlobalSection
	GlobalSection(ProjectConfigurationPlatforms) = postSolution
		{381555D9-11E1-4263-9F56-DD75FABD1571}.Debug|Any CPU.ActiveCfg = Debug|Any CPU
		{381555D9-11E1-4263-9F56-DD75FABD1571}.Debug|Any CPU.Build.0 = Debug|Any CPU
		{381555D9-11E1-4263-9F56-DD75FABD1571}.Release|Any CPU.ActiveCfg = Release|Any CPU
		{381555D9-11E1-4263-9F56-DD75FABD1571}.Release|Any CPU.Build.0 = Release|Any CPU
	EndGlobalSection
	GlobalSection(SolutionProperties) = preSolution
		HideSolutionNode = FALSE
	EndGlobalSection
	GlobalSection(ExtensibilityGlobals) = postSolution
		SolutionGuid = {CD6A0881-5699-4AA1-B74A-A2DA4F35583B}
	EndGlobalSection
EndGlobal
